
Microsoft Visual Studio Solution File, Format Version 12.00
# Visual Studio 15
VisualStudioVersion = 15.0.26228.4
MinimumVisualStudioVersion = 10.0.40219.1
Project("{FAE04EC0-301F-11D3-BF4B-00C04F79EFBC}") = "CommuntiyApiDemo", "CommuntiyApiDemo\CommuntiyApiDemo.csproj", "{8913C3C5-A0BB-485F-831A-F0B4DDE97CC0}"
EndProject
Project("{2150E333-8FDC-42A3-9474-1A3956D46DE8}") = "Solution Items", "Solution Items", "{63FF7993-3331-47FC-85C4-08011CA67B44}"
EndProject
Global
	GlobalSection(SolutionConfigurationPlatforms) = preSolution
		Debug|Any CPU = Debug|Any CPU
		Release|Any CPU = Release|Any CPU
	EndGlobalSection
	GlobalSection(ProjectConfigurationPlatforms) = postSolution
		{8913C3C5-A0BB-485F-831A-F0B4DDE97CC0}.Debug|Any CPU.ActiveCfg = Debug|Any CPU
		{8913C3C5-A0BB-485F-831A-F0B4DDE97CC0}.Debug|Any CPU.Build.0 = Debug|Any CPU
		{8913C3C5-A0BB-485F-831A-F0B4DDE97CC0}.Release|Any CPU.ActiveCfg = Release|Any CPU
		{8913C3C5-A0BB-485F-831A-F0B4DDE97CC0}.Release|Any CPU.Build.0 = Release|Any CPU
	EndGlobalSection
	GlobalSection(SolutionProperties) = preSolution
		HideSolutionNode = FALSE
	EndGlobalSection
EndGlobal
